
Microsoft Visual Studio Solution File, Format Version 12.00
# Visual Studio Version 17
VisualStudioVersion = 17.9.34622.214
MinimumVisualStudioVersion = 10.0.40219.1
Project("{9A19103F-16F7-4668-BE54-9A1E7A4F7556}") = "Basalt.Core", "Basalt.Core\Basalt.Core.csproj", "{1A3AE861-F9DA-4D25-A8C5-8699397DF0B4}"
EndProject
Project("{9A19103F-16F7-4668-BE54-9A1E7A4F7556}") = "Basalt.TestField", "Basalt.TestField\Basalt.TestField.csproj", "{B796091B-6B5D-41A6-90EF-F1CE2A054AA0}"
EndProject
Project("{9A19103F-16F7-4668-BE54-9A1E7A4F7556}") = "Basalt", "Basalt\Basalt.csproj", "{5FEE07CB-376D-4527-B1B8-2CF0DDFAC16D}"
EndProject
Project("{9A19103F-16F7-4668-BE54-9A1E7A4F7556}") = "Basalt.Raylib", "Basalt.Raylib\Basalt.Raylib.csproj", "{ABC57AA9-86D5-42EB-9B53-29F2AD9F30CD}"
EndProject
Project("{9A19103F-16F7-4668-BE54-9A1E7A4F7556}") = "Basalt.Tests", "Basalt.Tests\Basalt.Tests.csproj", "{44BAADFB-3FA5-4519-BDB4-51B48EA1F6DE}"
EndProject
Project("{2150E333-8FDC-42A3-9474-1A3956D46DE8}") = "docs", "docs", "{A56E5445-1340-4598-89C8-BCA1CC3DF28F}"
	ProjectSection(SolutionItems) = preProject
		..\..\..\Pictures\BasaltBanner.png = ..\..\..\Pictures\BasaltBanner.png
		..\..\..\Pictures\basaltbannerwide.png = ..\..\..\Pictures\basaltbannerwide.png
		..\..\..\Pictures\BasaltLogoBg.png = ..\..\..\Pictures\BasaltLogoBg.png
		..\..\..\Pictures\BasaltLogoTransparent.png = ..\..\..\Pictures\BasaltLogoTransparent.png
		README.md = README.md
	EndProjectSection
EndProject
Global
	GlobalSection(SolutionConfigurationPlatforms) = preSolution
		Debug|Any CPU = Debug|Any CPU
		Release|Any CPU = Release|Any CPU
	EndGlobalSection
	GlobalSection(ProjectConfigurationPlatforms) = postSolution
		{1A3AE861-F9DA-4D25-A8C5-8699397DF0B4}.Debug|Any CPU.ActiveCfg = Debug|Any CPU
		{1A3AE861-F9DA-4D25-A8C5-8699397DF0B4}.Debug|Any CPU.Build.0 = Debug|Any CPU
		{1A3AE861-F9DA-4D25-A8C5-8699397DF0B4}.Release|Any CPU.ActiveCfg = Release|Any CPU
		{1A3AE861-F9DA-4D25-A8C5-8699397DF0B4}.Release|Any CPU.Build.0 = Release|Any CPU
		{B796091B-6B5D-41A6-90EF-F1CE2A054AA0}.Debug|Any CPU.ActiveCfg = Debug|Any CPU
		{B796091B-6B5D-41A6-90EF-F1CE2A054AA0}.Debug|Any CPU.Build.0 = Debug|Any CPU
		{B796091B-6B5D-41A6-90EF-F1CE2A054AA0}.Release|Any CPU.ActiveCfg = Release|Any CPU
		{B796091B-6B5D-41A6-90EF-F1CE2A054AA0}.Release|Any CPU.Build.0 = Release|Any CPU
		{5FEE07CB-376D-4527-B1B8-2CF0DDFAC16D}.Debug|Any CPU.ActiveCfg = Debug|Any CPU
		{5FEE07CB-376D-4527-B1B8-2CF0DDFAC16D}.Debug|Any CPU.Build.0 = Debug|Any CPU
		{5FEE07CB-376D-4527-B1B8-2CF0DDFAC16D}.Release|Any CPU.ActiveCfg = Release|Any CPU
		{5FEE07CB-376D-4527-B1B8-2CF0DDFAC16D}.Release|Any CPU.Build.0 = Release|Any CPU
		{ABC57AA9-86D5-42EB-9B53-29F2AD9F30CD}.Debug|Any CPU.ActiveCfg = Debug|Any CPU
		{ABC57AA9-86D5-42EB-9B53-29F2AD9F30CD}.Debug|Any CPU.Build.0 = Debug|Any CPU
		{ABC57AA9-86D5-42EB-9B53-29F2AD9F30CD}.Release|Any CPU.ActiveCfg = Release|Any CPU
		{ABC57AA9-86D5-42EB-9B53-29F2AD9F30CD}.Release|Any CPU.Build.0 = Release|Any CPU
		{44BAADFB-3FA5-4519-BDB4-51B48EA1F6DE}.Debug|Any CPU.ActiveCfg = Debug|Any CPU
		{44BAADFB-3FA5-4519-BDB4-51B48EA1F6DE}.Debug|Any CPU.Build.0 = Debug|Any CPU
		{44BAADFB-3FA5-4519-BDB4-51B48EA1F6DE}.Release|Any CPU.ActiveCfg = Release|Any CPU
		{44BAADFB-3FA5-4519-BDB4-51B48EA1F6DE}.Release|Any CPU.Build.0 = Release|Any CPU
	EndGlobalSection
	GlobalSection(SolutionProperties) = preSolution
		HideSolutionNode = FALSE
	EndGlobalSection
	GlobalSection(ExtensibilityGlobals) = postSolution
		SolutionGuid = {EB6C56F0-0C3F-45D1-82D4-A8488CF4B393}
	EndGlobalSection
EndGlobal
